
Microsoft Visual Studio Solution File, Format Version 12.00
# Visual Studio Version 17
VisualStudioVersion = 17.13.35825.156 d17.13
MinimumVisualStudioVersion = 10.0.40219.1
Project("{FAE04EC0-301F-11D3-BF4B-00C04F79EFBC}") = "SportPlannerApi", "SportPlannerApi\SportPlannerApi.csproj", "{368F8F7A-E550-4957-970E-D6F2A9C1F2F3}"
EndProject
Global
	GlobalSection(SolutionConfigurationPlatforms) = preSolution
		Debug|Any CPU = Debug|Any CPU
		Release|Any CPU = Release|Any CPU
	EndGlobalSection
	GlobalSection(ProjectConfigurationPlatforms) = postSolution
		{368F8F7A-E550-4957-970E-D6F2A9C1F2F3}.Debug|Any CPU.ActiveCfg = Debug|Any CPU
		{368F8F7A-E550-4957-970E-D6F2A9C1F2F3}.Debug|Any CPU.Build.0 = Debug|Any CPU
		{368F8F7A-E550-4957-970E-D6F2A9C1F2F3}.Release|Any CPU.ActiveCfg = Release|Any CPU
		{368F8F7A-E550-4957-970E-D6F2A9C1F2F3}.Release|Any CPU.Build.0 = Release|Any CPU
	EndGlobalSection
	GlobalSection(SolutionProperties) = preSolution
		HideSolutionNode = FALSE
	EndGlobalSection
	GlobalSection(ExtensibilityGlobals) = postSolution
		SolutionGuid = {32CB7C3B-E80A-4896-A380-45B28DC82A1E}
	EndGlobalSection
EndGlobal
